
Microsoft Visual Studio Solution File, Format Version 12.00
Project("{2150E333-8FDC-42A3-9474-1A3956D46DE8}") = "solution-files", "solution-files", "{756CB201-37C6-4BB7-914E-3F0499A5E7B8}"
	ProjectSection(SolutionItems) = preProject
		Directory.Build.props = Directory.Build.props
		Directory.Packages.props = Directory.Packages.props
		..\.gitignore = ..\.gitignore
	EndProjectSection
EndProject
Project("{2150E333-8FDC-42A3-9474-1A3956D46DE8}") = "automated-tests", "automated-tests", "{C7BFF6BD-6F39-4BF3-892F-3CA791FB93EB}"
EndProject
Project("{2150E333-8FDC-42A3-9474-1A3956D46DE8}") = "deployment-units", "deployment-units", "{F771A94B-1D3F-43CC-95E4-49C6816FAEEF}"
EndProject
Project("{FAE04EC0-301F-11D3-BF4B-00C04F79EFBC}") = "Common", "Common\Common.csproj", "{04C3688B-9AAF-44A1-8363-2B52DA8A2FFF}"
EndProject
Global
	GlobalSection(SolutionConfigurationPlatforms) = preSolution
		Debug|Any CPU = Debug|Any CPU
		Release|Any CPU = Release|Any CPU
	EndGlobalSection
	GlobalSection(NestedProjects) = preSolution
		{04C3688B-9AAF-44A1-8363-2B52DA8A2FFF} = {F771A94B-1D3F-43CC-95E4-49C6816FAEEF}
	EndGlobalSection
	GlobalSection(ProjectConfigurationPlatforms) = postSolution
		{04C3688B-9AAF-44A1-8363-2B52DA8A2FFF}.Debug|Any CPU.ActiveCfg = Debug|Any CPU
		{04C3688B-9AAF-44A1-8363-2B52DA8A2FFF}.Debug|Any CPU.Build.0 = Debug|Any CPU
		{04C3688B-9AAF-44A1-8363-2B52DA8A2FFF}.Release|Any CPU.ActiveCfg = Release|Any CPU
		{04C3688B-9AAF-44A1-8363-2B52DA8A2FFF}.Release|Any CPU.Build.0 = Release|Any CPU
	EndGlobalSection
EndGlobal
